{
  "name": "test-project",
  "version": "0.0.1",
  "lockfileVersion": 3,
  "requires": true,
  "packages": {
    "": {
      "name": "test-project",
      "version": "0.0.1",
      "license": "MIT",
      "dependencies": {
        "@types/lodash.merge": "file:../../node_modules/@types/lodash.merge",
        "lodash.merge": "file:../../node_modules/lodash.merge"
      },
      "bin": {
        "test-project": "dist/cli.js"
      }
    },
    "../../node_modules/@types/lodash.merge": {
      "version": "4.6.9",
      "license": "MIT",
      "dependencies": {
        "@types/lodash": "*"
      }
    },
    "../../node_modules/lodash.merge": {
      "version": "4.6.2",
      "license": "MIT"
    },
    "node_modules/@types/lodash.merge": {
      "resolved": "../../node_modules/@types/lodash.merge",
      "link": true
    },
    "node_modules/lodash.merge": {
      "resolved": "../../node_modules/lodash.merge",
      "link": true
    }
  }
}
